{
  "version": 4,
  "terraform_version": "0.14.7",
  "serial": 1079,
  "lineage": "9b4f1860-4bd8-c804-b749-495ff582f4da",
  "outputs": {
    "BE1_ip": {
      "value": "",
      "type": "string"
    },
    "BE2_ip": {
      "value": "",
      "type": "string"
    },
    "Bastion_ip": {
      "value": "15.188.73.113",
      "type": "string"
    },
    "LB_ip": {
      "value": "52.47.157.51",
      "type": "string"
    },
    "NAT_ip": {
      "value": "35.180.183.124",
      "type": "string"
    }
  },
  "resources": [
    {
      "mode": "managed",
      "type": "aws_eip",
      "name": "elastic-ip-lb",
      "provider": "provider[\"registry.terraform.io/hashicorp/aws\"]",
      "instances": [
        {
          "schema_version": 0,
          "attributes": {
            "allocation_id": null,
            "associate_with_private_ip": "10.0.1.50",
            "association_id": "eipassoc-05510c64e238f1aad",
            "carrier_ip": "",
            "customer_owned_ip": "",
            "customer_owned_ipv4_pool": "",
            "domain": "vpc",
            "id": "eipalloc-0e025f46758737f9c",
            "instance": "i-0beb16f82d9de0a14",
            "network_border_group": "eu-west-3",
            "network_interface": "eni-09281a17366dff84f",
            "private_dns": "ip-10-0-1-50.eu-west-3.compute.internal",
            "private_ip": "10.0.1.50",
            "public_dns": "ec2-52-47-157-51.eu-west-3.compute.amazonaws.com",
            "public_ip": "52.47.157.51",
            "public_ipv4_pool": "amazon",
            "tags": {},
            "timeouts": null,
            "vpc": true
          },
          "sensitive_attributes": [],
          "private": "eyJlMmJmYjczMC1lY2FhLTExZTYtOGY4OC0zNDM2M2JjN2M0YzAiOnsiZGVsZXRlIjoxODAwMDAwMDAwMDAsInJlYWQiOjkwMDAwMDAwMDAwMCwidXBkYXRlIjozMDAwMDAwMDAwMDB9fQ==",
          "dependencies": [
            "aws_internet_gateway.eschool-gateway",
            "aws_network_interface.lb-interface",
            "aws_security_group.eSchool-internal",
            "aws_subnet.subnet-one",
            "aws_vpc.eschool_vpc"
          ]
        }
      ]
    },
    {
      "mode": "managed",
      "type": "aws_eip",
      "name": "nat-elastic-ip",
      "provider": "provider[\"registry.terraform.io/hashicorp/aws\"]",
      "instances": [
        {
          "schema_version": 0,
          "attributes": {
            "allocation_id": null,
            "associate_with_private_ip": null,
            "association_id": "eipassoc-0a0b195f74a618aef",
            "carrier_ip": "",
            "customer_owned_ip": "",
            "customer_owned_ipv4_pool": "",
            "domain": "vpc",
            "id": "eipalloc-0fa3aff7e51a4e6b4",
            "instance": "",
            "network_border_group": "eu-west-3",
            "network_interface": "eni-0fd2ab024d24b638b",
            "private_dns": "ip-10-0-1-61.eu-west-3.compute.internal",
            "private_ip": "10.0.1.61",
            "public_dns": "ec2-35-180-183-124.eu-west-3.compute.amazonaws.com",
            "public_ip": "35.180.183.124",
            "public_ipv4_pool": "amazon",
            "tags": {},
            "timeouts": null,
            "vpc": true
          },
          "sensitive_attributes": [],
          "private": "eyJlMmJmYjczMC1lY2FhLTExZTYtOGY4OC0zNDM2M2JjN2M0YzAiOnsiZGVsZXRlIjoxODAwMDAwMDAwMDAsInJlYWQiOjkwMDAwMDAwMDAwMCwidXBkYXRlIjozMDAwMDAwMDAwMDB9fQ==",
          "dependencies": [
            "aws_internet_gateway.eschool-gateway",
            "aws_vpc.eschool_vpc"
          ]
        }
      ]
    },
    {
      "mode": "managed",
      "type": "aws_instance",
      "name": "bastion",
      "provider": "provider[\"registry.terraform.io/hashicorp/aws\"]",
      "instances": [
        {
          "schema_version": 1,
          "attributes": {
            "ami": "ami-0d6aecf0f0425f42a",
            "arn": "arn:aws:ec2:eu-west-3:443172575185:instance/i-00d3a1f74107a1dac",
            "associate_public_ip_address": true,
            "availability_zone": "eu-west-3a",
            "cpu_core_count": 1,
            "cpu_threads_per_core": 1,
            "credit_specification": [
              {
                "cpu_credits": "standard"
              }
            ],
            "disable_api_termination": false,
            "ebs_block_device": [],
            "ebs_optimized": false,
            "enclave_options": [
              {
                "enabled": false
              }
            ],
            "ephemeral_block_device": [],
            "get_password_data": false,
            "hibernation": false,
            "host_id": null,
            "iam_instance_profile": "",
            "id": "i-00d3a1f74107a1dac",
            "instance_initiated_shutdown_behavior": null,
            "instance_state": "running",
            "instance_type": "t2.micro",
            "ipv6_address_count": 0,
            "ipv6_addresses": [],
            "key_name": "SoftServeKeyPair",
            "metadata_options": [
              {
                "http_endpoint": "enabled",
                "http_put_response_hop_limit": 1,
                "http_tokens": "optional"
              }
            ],
            "monitoring": false,
            "network_interface": [
              {
                "delete_on_termination": false,
                "device_index": 0,
                "network_interface_id": "eni-038bd2a53a70658ff"
              }
            ],
            "outpost_arn": "",
            "password_data": "",
            "placement_group": "",
            "primary_network_interface_id": "eni-038bd2a53a70658ff",
            "private_dns": "ip-10-0-1-5.eu-west-3.compute.internal",
            "private_ip": "10.0.1.5",
            "public_dns": "",
            "public_ip": "15.188.73.113",
            "root_block_device": [
              {
                "delete_on_termination": true,
                "device_name": "/dev/sda1",
                "encrypted": false,
                "iops": 100,
                "kms_key_id": "",
                "tags": {},
                "throughput": 0,
                "volume_id": "vol-0534e608a052dbd97",
                "volume_size": 8,
                "volume_type": "gp2"
              }
            ],
            "secondary_private_ips": [],
            "security_groups": [],
            "source_dest_check": true,
            "subnet_id": "subnet-0e3d94a176c667f82",
            "tags": {
              "Name": "Bastion"
            },
            "tenancy": "default",
            "timeouts": null,
            "user_data": null,
            "user_data_base64": null,
            "volume_tags": null,
            "vpc_security_group_ids": [
              "sg-03448c47862037abb"
            ]
          },
          "sensitive_attributes": [],
          "private": "eyJlMmJmYjczMC1lY2FhLTExZTYtOGY4OC0zNDM2M2JjN2M0YzAiOnsiY3JlYXRlIjo2MDAwMDAwMDAwMDAsImRlbGV0ZSI6MTIwMDAwMDAwMDAwMCwidXBkYXRlIjo2MDAwMDAwMDAwMDB9LCJzY2hlbWFfdmVyc2lvbiI6IjEifQ==",
          "dependencies": [
            "aws_network_interface.bastion-network-interface"
          ]
        }
      ]
    },
    {
      "mode": "managed",
      "type": "aws_instance",
      "name": "eSchool-load-balancer",
      "provider": "provider[\"registry.terraform.io/hashicorp/aws\"]",
      "instances": [
        {
          "schema_version": 1,
          "attributes": {
            "ami": "ami-0d6aecf0f0425f42a",
            "arn": "arn:aws:ec2:eu-west-3:443172575185:instance/i-0beb16f82d9de0a14",
            "associate_public_ip_address": true,
            "availability_zone": "eu-west-3a",
            "cpu_core_count": 1,
            "cpu_threads_per_core": 1,
            "credit_specification": [
              {
                "cpu_credits": "standard"
              }
            ],
            "disable_api_termination": false,
            "ebs_block_device": [],
            "ebs_optimized": false,
            "enclave_options": [
              {
                "enabled": false
              }
            ],
            "ephemeral_block_device": [],
            "get_password_data": false,
            "hibernation": false,
            "host_id": null,
            "iam_instance_profile": "",
            "id": "i-0beb16f82d9de0a14",
            "instance_initiated_shutdown_behavior": null,
            "instance_state": "running",
            "instance_type": "t2.micro",
            "ipv6_address_count": 0,
            "ipv6_addresses": [],
            "key_name": "SoftServeKeyPair",
            "metadata_options": [
              {
                "http_endpoint": "enabled",
                "http_put_response_hop_limit": 1,
                "http_tokens": "optional"
              }
            ],
            "monitoring": false,
            "network_interface": [
              {
                "delete_on_termination": false,
                "device_index": 0,
                "network_interface_id": "eni-09281a17366dff84f"
              }
            ],
            "outpost_arn": "",
            "password_data": "",
            "placement_group": "",
            "primary_network_interface_id": "eni-09281a17366dff84f",
            "private_dns": "ip-10-0-1-50.eu-west-3.compute.internal",
            "private_ip": "10.0.1.50",
            "public_dns": "",
            "public_ip": "52.47.157.51",
            "root_block_device": [
              {
                "delete_on_termination": true,
                "device_name": "/dev/sda1",
                "encrypted": false,
                "iops": 100,
                "kms_key_id": "",
                "tags": {},
                "throughput": 0,
                "volume_id": "vol-0f692e095bfc361c0",
                "volume_size": 8,
                "volume_type": "gp2"
              }
            ],
            "secondary_private_ips": [],
            "security_groups": [],
            "source_dest_check": true,
            "subnet_id": "subnet-0e3d94a176c667f82",
            "tags": {
              "Name": "eSchoolLB"
            },
            "tenancy": "default",
            "timeouts": null,
            "user_data": "9dc6a88779eada7af44d8ea56f56dfd5ed147031",
            "user_data_base64": null,
            "volume_tags": null,
            "vpc_security_group_ids": [
              "sg-03448c47862037abb"
            ]
          },
          "sensitive_attributes": [],
          "private": "eyJlMmJmYjczMC1lY2FhLTExZTYtOGY4OC0zNDM2M2JjN2M0YzAiOnsiY3JlYXRlIjo2MDAwMDAwMDAwMDAsImRlbGV0ZSI6MTIwMDAwMDAwMDAwMCwidXBkYXRlIjo2MDAwMDAwMDAwMDB9LCJzY2hlbWFfdmVyc2lvbiI6IjEifQ==",
          "dependencies": [
            "aws_network_interface.lb-interface",
            "aws_security_group.eSchool-internal",
            "aws_subnet.subnet-one",
            "aws_vpc.eschool_vpc"
          ]
        }
      ]
    },
    {
      "mode": "managed",
      "type": "aws_internet_gateway",
      "name": "eschool-gateway",
      "provider": "provider[\"registry.terraform.io/hashicorp/aws\"]",
      "instances": [
        {
          "schema_version": 0,
          "attributes": {
            "arn": "arn:aws:ec2:eu-west-3:443172575185:internet-gateway/igw-0bb143fe497771591",
            "id": "igw-0bb143fe497771591",
            "owner_id": "443172575185",
            "tags": {
              "Name": "EschoolInternetGateway"
            },
            "vpc_id": "vpc-02401252ea8388dd4"
          },
          "sensitive_attributes": [],
          "private": "bnVsbA==",
          "dependencies": [
            "aws_vpc.eschool_vpc"
          ]
        }
      ]
    },
    {
      "mode": "managed",
      "type": "aws_nat_gateway",
      "name": "eschool-nat",
      "provider": "provider[\"registry.terraform.io/hashicorp/aws\"]",
      "instances": [
        {
          "schema_version": 0,
          "attributes": {
            "allocation_id": "eipalloc-0fa3aff7e51a4e6b4",
            "id": "nat-050d9349363adfca4",
            "network_interface_id": "eni-0fd2ab024d24b638b",
            "private_ip": "10.0.1.61",
            "public_ip": "35.180.183.124",
            "subnet_id": "subnet-0e3d94a176c667f82",
            "tags": {
              "Name": "eschool-nat"
            }
          },
          "sensitive_attributes": [],
          "private": "bnVsbA==",
          "dependencies": [
            "aws_eip.nat-elastic-ip",
            "aws_internet_gateway.eschool-gateway",
            "aws_subnet.subnet-one",
            "aws_vpc.eschool_vpc"
          ]
        }
      ]
    },
    {
      "mode": "managed",
      "type": "aws_network_interface",
      "name": "bastion-network-interface",
      "provider": "provider[\"registry.terraform.io/hashicorp/aws\"]",
      "instances": [
        {
          "schema_version": 0,
          "attributes": {
            "attachment": [
              {
                "attachment_id": "eni-attach-0ef622fa61b9df02d",
                "device_index": 0,
                "instance": "i-0a840f78237f6747c"
              }
            ],
            "description": "",
            "id": "eni-038bd2a53a70658ff",
            "ipv6_address_count": 0,
            "ipv6_addresses": [],
            "mac_address": "06:38:9e:92:29:b8",
            "outpost_arn": "",
            "private_dns_name": "",
            "private_ip": "10.0.1.5",
            "private_ips": [
              "10.0.1.5"
            ],
            "private_ips_count": 0,
            "security_groups": [
              "sg-03448c47862037abb"
            ],
            "source_dest_check": true,
            "subnet_id": "subnet-0e3d94a176c667f82",
            "tags": {}
          },
          "sensitive_attributes": [],
          "private": "bnVsbA==",
          "dependencies": [
            "aws_security_group.eSchool-internal",
            "aws_subnet.subnet-one",
            "aws_vpc.eschool_vpc"
          ]
        }
      ]
    },
    {
      "mode": "managed",
      "type": "aws_network_interface",
      "name": "database-mariadb-interface",
      "provider": "provider[\"registry.terraform.io/hashicorp/aws\"]",
      "instances": [
        {
          "schema_version": 0,
          "attributes": {
            "attachment": [
              {
                "attachment_id": "eni-attach-0dc291748e1fae45a",
                "device_index": 0,
                "instance": "i-002e344d30970bfeb"
              }
            ],
            "description": "",
            "id": "eni-03d74a9ae3c850af3",
            "ipv6_address_count": 0,
            "ipv6_addresses": [],
            "mac_address": "06:41:4e:a4:f4:60",
            "outpost_arn": "",
            "private_dns_name": "",
            "private_ip": "10.0.2.100",
            "private_ips": [
              "10.0.2.100"
            ],
            "private_ips_count": 0,
            "security_groups": [
              "sg-03448c47862037abb"
            ],
            "source_dest_check": true,
            "subnet_id": "subnet-02fecb58164e53140",
            "tags": {}
          },
          "sensitive_attributes": [],
          "private": "bnVsbA==",
          "dependencies": [
            "aws_security_group.eSchool-internal",
            "aws_subnet.subnet-two",
            "aws_vpc.eschool_vpc"
          ]
        }
      ]
    },
    {
      "mode": "managed",
      "type": "aws_network_interface",
      "name": "eSchool-Backend1-interface",
      "provider": "provider[\"registry.terraform.io/hashicorp/aws\"]",
      "instances": [
        {
          "schema_version": 0,
          "attributes": {
            "attachment": [
              {
                "attachment_id": "eni-attach-05cbbace3c09c097f",
                "device_index": 0,
                "instance": "i-049e853d5527fbb9a"
              }
            ],
            "description": "",
            "id": "eni-0bcb505db0481429f",
            "ipv6_address_count": 0,
            "ipv6_addresses": [],
            "mac_address": "06:e0:8d:d0:16:16",
            "outpost_arn": "",
            "private_dns_name": "",
            "private_ip": "10.0.2.10",
            "private_ips": [
              "10.0.2.10"
            ],
            "private_ips_count": 0,
            "security_groups": [
              "sg-03448c47862037abb"
            ],
            "source_dest_check": true,
            "subnet_id": "subnet-02fecb58164e53140",
            "tags": {}
          },
          "sensitive_attributes": [],
          "private": "bnVsbA==",
          "dependencies": [
            "aws_security_group.eSchool-internal",
            "aws_subnet.subnet-two",
            "aws_vpc.eschool_vpc"
          ]
        }
      ]
    },
    {
      "mode": "managed",
      "type": "aws_network_interface",
      "name": "eSchool-Backend2-interface",
      "provider": "provider[\"registry.terraform.io/hashicorp/aws\"]",
      "instances": [
        {
          "schema_version": 0,
          "attributes": {
            "attachment": [
              {
                "attachment_id": "eni-attach-0610d9777e0aea1cd",
                "device_index": 0,
                "instance": "i-0129caf50125ec382"
              }
            ],
            "description": "",
            "id": "eni-0f1718cc87f2ecb2b",
            "ipv6_address_count": 0,
            "ipv6_addresses": [],
            "mac_address": "06:8d:e2:99:4e:c0",
            "outpost_arn": "",
            "private_dns_name": "",
            "private_ip": "10.0.2.20",
            "private_ips": [
              "10.0.2.20"
            ],
            "private_ips_count": 0,
            "security_groups": [
              "sg-03448c47862037abb"
            ],
            "source_dest_check": true,
            "subnet_id": "subnet-02fecb58164e53140",
            "tags": {}
          },
          "sensitive_attributes": [],
          "private": "bnVsbA==",
          "dependencies": [
            "aws_security_group.eSchool-internal",
            "aws_subnet.subnet-two",
            "aws_vpc.eschool_vpc"
          ]
        }
      ]
    },
    {
      "mode": "managed",
      "type": "aws_network_interface",
      "name": "lb-interface",
      "provider": "provider[\"registry.terraform.io/hashicorp/aws\"]",
      "instances": [
        {
          "schema_version": 0,
          "attributes": {
            "attachment": [
              {
                "attachment_id": "eni-attach-0c8aed59bd7dfb8b2",
                "device_index": 0,
                "instance": "i-0beb16f82d9de0a14"
              }
            ],
            "description": "",
            "id": "eni-09281a17366dff84f",
            "ipv6_address_count": 0,
            "ipv6_addresses": [],
            "mac_address": "06:26:3d:85:2b:92",
            "outpost_arn": "",
            "private_dns_name": "",
            "private_ip": "10.0.1.50",
            "private_ips": [
              "10.0.1.50"
            ],
            "private_ips_count": 0,
            "security_groups": [
              "sg-03448c47862037abb"
            ],
            "source_dest_check": true,
            "subnet_id": "subnet-0e3d94a176c667f82",
            "tags": {}
          },
          "sensitive_attributes": [],
          "private": "bnVsbA==",
          "dependencies": [
            "aws_security_group.eSchool-internal",
            "aws_subnet.subnet-one",
            "aws_vpc.eschool_vpc"
          ]
        }
      ]
    },
    {
      "mode": "managed",
      "type": "aws_route_table",
      "name": "eSchool-route-table",
      "provider": "provider[\"registry.terraform.io/hashicorp/aws\"]",
      "instances": [
        {
          "schema_version": 0,
          "attributes": {
            "id": "rtb-047934f48e762b1e9",
            "owner_id": "443172575185",
            "propagating_vgws": [],
            "route": [
              {
                "cidr_block": "0.0.0.0/0",
                "egress_only_gateway_id": "",
                "gateway_id": "igw-0bb143fe497771591",
                "instance_id": "",
                "ipv6_cidr_block": "",
                "local_gateway_id": "",
                "nat_gateway_id": "",
                "network_interface_id": "",
                "transit_gateway_id": "",
                "vpc_endpoint_id": "",
                "vpc_peering_connection_id": ""
              }
            ],
            "tags": {
              "Name": "EschoolRouteTable"
            },
            "vpc_id": "vpc-02401252ea8388dd4"
          },
          "sensitive_attributes": [],
          "private": "bnVsbA==",
          "dependencies": [
            "aws_internet_gateway.eschool-gateway",
            "aws_vpc.eschool_vpc"
          ]
        }
      ]
    },
    {
      "mode": "managed",
      "type": "aws_route_table",
      "name": "subnet-two-route-table",
      "provider": "provider[\"registry.terraform.io/hashicorp/aws\"]",
      "instances": [
        {
          "schema_version": 0,
          "attributes": {
            "id": "rtb-00d4f3538195849d1",
            "owner_id": "443172575185",
            "propagating_vgws": [],
            "route": [
              {
                "cidr_block": "0.0.0.0/0",
                "egress_only_gateway_id": "",
                "gateway_id": "nat-050d9349363adfca4",
                "instance_id": "",
                "ipv6_cidr_block": "",
                "local_gateway_id": "",
                "nat_gateway_id": "",
                "network_interface_id": "",
                "transit_gateway_id": "",
                "vpc_endpoint_id": "",
                "vpc_peering_connection_id": ""
              }
            ],
            "tags": {
              "Name": "subnet-two-route-table"
            },
            "vpc_id": "vpc-02401252ea8388dd4"
          },
          "sensitive_attributes": [],
          "private": "bnVsbA==",
          "dependencies": [
            "aws_nat_gateway.eschool-nat",
            "aws_vpc.eschool_vpc"
          ]
        }
      ]
    },
    {
      "mode": "managed",
      "type": "aws_route_table_association",
      "name": "a",
      "provider": "provider[\"registry.terraform.io/hashicorp/aws\"]",
      "instances": [
        {
          "schema_version": 0,
          "attributes": {
            "gateway_id": null,
            "id": "rtbassoc-0a065c1565ba10a24",
            "route_table_id": "rtb-047934f48e762b1e9",
            "subnet_id": "subnet-0e3d94a176c667f82"
          },
          "sensitive_attributes": [],
          "private": "bnVsbA==",
          "dependencies": [
            "aws_internet_gateway.eschool-gateway",
            "aws_route_table.eSchool-route-table",
            "aws_subnet.subnet-one",
            "aws_vpc.eschool_vpc"
          ]
        }
      ]
    },
    {
      "mode": "managed",
      "type": "aws_route_table_association",
      "name": "b",
      "provider": "provider[\"registry.terraform.io/hashicorp/aws\"]",
      "instances": [
        {
          "schema_version": 0,
          "attributes": {
            "gateway_id": null,
            "id": "rtbassoc-02d4f7939b5fcffeb",
            "route_table_id": "rtb-00d4f3538195849d1",
            "subnet_id": "subnet-02fecb58164e53140"
          },
          "sensitive_attributes": [],
          "private": "bnVsbA==",
          "dependencies": [
            "aws_eip.nat-elastic-ip",
            "aws_internet_gateway.eschool-gateway",
            "aws_nat_gateway.eschool-nat",
            "aws_route_table.subnet-two-route-table",
            "aws_subnet.subnet-one",
            "aws_subnet.subnet-two",
            "aws_vpc.eschool_vpc"
          ]
        }
      ]
    },
    {
      "mode": "managed",
      "type": "aws_security_group",
      "name": "eSchool-internal",
      "provider": "provider[\"registry.terraform.io/hashicorp/aws\"]",
      "instances": [
        {
          "schema_version": 1,
          "attributes": {
            "arn": "arn:aws:ec2:eu-west-3:443172575185:security-group/sg-03448c47862037abb",
            "description": "Input and output internally",
            "egress": [
              {
                "cidr_blocks": [
                  "0.0.0.0/0"
                ],
                "description": "",
                "from_port": 0,
                "ipv6_cidr_blocks": [],
                "prefix_list_ids": [],
                "protocol": "-1",
                "security_groups": [],
                "self": false,
                "to_port": 0
              }
            ],
            "id": "sg-03448c47862037abb",
            "ingress": [
              {
                "cidr_blocks": [
                  "0.0.0.0/0"
                ],
                "description": "Port 8080",
                "from_port": 8080,
                "ipv6_cidr_blocks": [],
                "prefix_list_ids": [],
                "protocol": "tcp",
                "security_groups": [],
                "self": false,
                "to_port": 8080
              },
              {
                "cidr_blocks": [
                  "0.0.0.0/0"
                ],
                "description": "SSH",
                "from_port": 22,
                "ipv6_cidr_blocks": [],
                "prefix_list_ids": [],
                "protocol": "tcp",
                "security_groups": [],
                "self": false,
                "to_port": 22
              },
              {
                "cidr_blocks": [
                  "10.0.0.0/16"
                ],
                "description": "Allow internal communication in eschool_vpc",
                "from_port": 0,
                "ipv6_cidr_blocks": [],
                "prefix_list_ids": [],
                "protocol": "-1",
                "security_groups": [],
                "self": false,
                "to_port": 0
              },
              {
                "cidr_blocks": [
                  "10.0.1.0/24"
                ],
                "description": "Allow internal communication in eschool_vpc",
                "from_port": 3306,
                "ipv6_cidr_blocks": [],
                "prefix_list_ids": [],
                "protocol": "tcp",
                "security_groups": [],
                "self": false,
                "to_port": 3306
              }
            ],
            "name": "eSchoolSecurityGroup",
            "name_prefix": "",
            "owner_id": "443172575185",
            "revoke_rules_on_delete": false,
            "tags": {
              "Name": "eSchoolSecurityGroup"
            },
            "timeouts": null,
            "vpc_id": "vpc-02401252ea8388dd4"
          },
          "sensitive_attributes": [],
          "private": "eyJlMmJmYjczMC1lY2FhLTExZTYtOGY4OC0zNDM2M2JjN2M0YzAiOnsiY3JlYXRlIjo2MDAwMDAwMDAwMDAsImRlbGV0ZSI6NjAwMDAwMDAwMDAwfSwic2NoZW1hX3ZlcnNpb24iOiIxIn0=",
          "dependencies": [
            "aws_vpc.eschool_vpc"
          ]
        }
      ]
    },
    {
      "mode": "managed",
      "type": "aws_subnet",
      "name": "subnet-one",
      "provider": "provider[\"registry.terraform.io/hashicorp/aws\"]",
      "instances": [
        {
          "schema_version": 1,
          "attributes": {
            "arn": "arn:aws:ec2:eu-west-3:443172575185:subnet/subnet-0e3d94a176c667f82",
            "assign_ipv6_address_on_creation": false,
            "availability_zone": "eu-west-3a",
            "availability_zone_id": "euw3-az1",
            "cidr_block": "10.0.1.0/24",
            "customer_owned_ipv4_pool": "",
            "id": "subnet-0e3d94a176c667f82",
            "ipv6_cidr_block": "",
            "ipv6_cidr_block_association_id": "",
            "map_customer_owned_ip_on_launch": false,
            "map_public_ip_on_launch": true,
            "outpost_arn": "",
            "owner_id": "443172575185",
            "tags": {
              "Name": "EschoolMainSubnet"
            },
            "tags_all": {
              "Name": "EschoolMainSubnet"
            },
            "timeouts": null,
            "vpc_id": "vpc-02401252ea8388dd4"
          },
          "sensitive_attributes": [],
          "private": "eyJlMmJmYjczMC1lY2FhLTExZTYtOGY4OC0zNDM2M2JjN2M0YzAiOnsiY3JlYXRlIjo2MDAwMDAwMDAwMDAsImRlbGV0ZSI6MTIwMDAwMDAwMDAwMH0sInNjaGVtYV92ZXJzaW9uIjoiMSJ9",
          "dependencies": [
            "aws_vpc.eschool_vpc"
          ]
        }
      ]
    },
    {
      "mode": "managed",
      "type": "aws_subnet",
      "name": "subnet-two",
      "provider": "provider[\"registry.terraform.io/hashicorp/aws\"]",
      "instances": [
        {
          "schema_version": 1,
          "attributes": {
            "arn": "arn:aws:ec2:eu-west-3:443172575185:subnet/subnet-02fecb58164e53140",
            "assign_ipv6_address_on_creation": false,
            "availability_zone": "eu-west-3a",
            "availability_zone_id": "euw3-az1",
            "cidr_block": "10.0.2.0/24",
            "customer_owned_ipv4_pool": "",
            "id": "subnet-02fecb58164e53140",
            "ipv6_cidr_block": "",
            "ipv6_cidr_block_association_id": "",
            "map_customer_owned_ip_on_launch": false,
            "map_public_ip_on_launch": false,
            "outpost_arn": "",
            "owner_id": "443172575185",
            "tags": {
              "Name": "EschoolPrivateSubnet"
            },
            "tags_all": {
              "Name": "EschoolPrivateSubnet"
            },
            "timeouts": null,
            "vpc_id": "vpc-02401252ea8388dd4"
          },
          "sensitive_attributes": [],
          "private": "eyJlMmJmYjczMC1lY2FhLTExZTYtOGY4OC0zNDM2M2JjN2M0YzAiOnsiY3JlYXRlIjo2MDAwMDAwMDAwMDAsImRlbGV0ZSI6MTIwMDAwMDAwMDAwMH0sInNjaGVtYV92ZXJzaW9uIjoiMSJ9",
          "dependencies": [
            "aws_vpc.eschool_vpc"
          ]
        }
      ]
    },
    {
      "mode": "managed",
      "type": "aws_vpc",
      "name": "eschool_vpc",
      "provider": "provider[\"registry.terraform.io/hashicorp/aws\"]",
      "instances": [
        {
          "schema_version": 1,
          "attributes": {
            "arn": "arn:aws:ec2:eu-west-3:443172575185:vpc/vpc-02401252ea8388dd4",
            "assign_generated_ipv6_cidr_block": false,
            "cidr_block": "10.0.0.0/16",
            "default_network_acl_id": "acl-05074b34881bc098a",
            "default_route_table_id": "rtb-0ca653c4e816eb5fa",
            "default_security_group_id": "sg-0ee8a2e6b033af440",
            "dhcp_options_id": "dopt-cb25cea3",
            "enable_classiclink": null,
            "enable_classiclink_dns_support": null,
            "enable_dns_hostnames": false,
            "enable_dns_support": true,
            "id": "vpc-02401252ea8388dd4",
            "instance_tenancy": "default",
            "ipv6_association_id": "",
            "ipv6_cidr_block": "",
            "main_route_table_id": "rtb-0ca653c4e816eb5fa",
            "owner_id": "443172575185",
            "tags": {
              "Name": "ESchoolVPC"
            },
            "tags_all": {
              "Name": "ESchoolVPC"
            }
          },
          "sensitive_attributes": [],
          "private": "eyJzY2hlbWFfdmVyc2lvbiI6IjEifQ=="
        }
      ]
    }
  ]
}
